
Microsoft Visual Studio Solution File, Format Version 12.00
# Visual Studio 15
VisualStudioVersion = 15.0.28010.2048
MinimumVisualStudioVersion = 10.0.40219.1
Project("{FAE04EC0-301F-11D3-BF4B-00C04F79EFBC}") = "ConsoleApp7", "ConsoleApp7\ConsoleApp7.csproj", "{2E0C66F8-7149-43B2-9471-33F85B370ADE}"
EndProject
Project("{FAE04EC0-301F-11D3-BF4B-00C04F79EFBC}") = "CSharpStudy_02", "CSharpStudy_02\CSharpStudy_02.csproj", "{A24A1CFF-AE86-4B66-BD89-0670C82117A5}"
EndProject
Project("{FAE04EC0-301F-11D3-BF4B-00C04F79EFBC}") = "CSharp_01", "CSharp_01\CSharp_01.csproj", "{E134DC95-91A1-408E-9F0B-04DB1AC240C1}"
EndProject
Global
	GlobalSection(SolutionConfigurationPlatforms) = preSolution
		Debug|Any CPU = Debug|Any CPU
		Release|Any CPU = Release|Any CPU
	EndGlobalSection
	GlobalSection(ProjectConfigurationPlatforms) = postSolution
		{2E0C66F8-7149-43B2-9471-33F85B370ADE}.Debug|Any CPU.ActiveCfg = Debug|Any CPU
		{2E0C66F8-7149-43B2-9471-33F85B370ADE}.Debug|Any CPU.Build.0 = Debug|Any CPU
		{2E0C66F8-7149-43B2-9471-33F85B370ADE}.Release|Any CPU.ActiveCfg = Release|Any CPU
		{2E0C66F8-7149-43B2-9471-33F85B370ADE}.Release|Any CPU.Build.0 = Release|Any CPU
		{A24A1CFF-AE86-4B66-BD89-0670C82117A5}.Debug|Any CPU.ActiveCfg = Debug|Any CPU
		{A24A1CFF-AE86-4B66-BD89-0670C82117A5}.Debug|Any CPU.Build.0 = Debug|Any CPU
		{A24A1CFF-AE86-4B66-BD89-0670C82117A5}.Release|Any CPU.ActiveCfg = Release|Any CPU
		{A24A1CFF-AE86-4B66-BD89-0670C82117A5}.Release|Any CPU.Build.0 = Release|Any CPU
		{E134DC95-91A1-408E-9F0B-04DB1AC240C1}.Debug|Any CPU.ActiveCfg = Debug|Any CPU
		{E134DC95-91A1-408E-9F0B-04DB1AC240C1}.Debug|Any CPU.Build.0 = Debug|Any CPU
		{E134DC95-91A1-408E-9F0B-04DB1AC240C1}.Release|Any CPU.ActiveCfg = Release|Any CPU
		{E134DC95-91A1-408E-9F0B-04DB1AC240C1}.Release|Any CPU.Build.0 = Release|Any CPU
	EndGlobalSection
	GlobalSection(SolutionProperties) = preSolution
		HideSolutionNode = FALSE
	EndGlobalSection
	GlobalSection(ExtensibilityGlobals) = postSolution
		SolutionGuid = {015BB958-05DA-4C19-ADD2-650C0A70DE39}
	EndGlobalSection
EndGlobal
